
Microsoft Visual Studio Solution File, Format Version 12.00
# Visual Studio Version 16
VisualStudioVersion = 16.0.29806.167
MinimumVisualStudioVersion = 10.0.40219.1
Project("{FAE04EC0-301F-11D3-BF4B-00C04F79EFBC}") = "lab8-10", "lab8-10\lab8-10.csproj", "{40F11104-5CAF-4892-8F1C-7B7D75BBCF1D}"
EndProject
Global
	GlobalSection(SolutionConfigurationPlatforms) = preSolution
		Debug|Any CPU = Debug|Any CPU
		Release|Any CPU = Release|Any CPU
	EndGlobalSection
	GlobalSection(ProjectConfigurationPlatforms) = postSolution
		{40F11104-5CAF-4892-8F1C-7B7D75BBCF1D}.Debug|Any CPU.ActiveCfg = Debug|Any CPU
		{40F11104-5CAF-4892-8F1C-7B7D75BBCF1D}.Debug|Any CPU.Build.0 = Debug|Any CPU
		{40F11104-5CAF-4892-8F1C-7B7D75BBCF1D}.Release|Any CPU.ActiveCfg = Release|Any CPU
		{40F11104-5CAF-4892-8F1C-7B7D75BBCF1D}.Release|Any CPU.Build.0 = Release|Any CPU
	EndGlobalSection
	GlobalSection(SolutionProperties) = preSolution
		HideSolutionNode = FALSE
	EndGlobalSection
	GlobalSection(ExtensibilityGlobals) = postSolution
		SolutionGuid = {3904DF6D-5E44-4CB5-82C2-5CC1123D1B8F}
	EndGlobalSection
EndGlobal
